
Microsoft Visual Studio Solution File, Format Version 12.00
# Visual Studio Version 17
VisualStudioVersion = 17.0.31903.59
MinimumVisualStudioVersion = 10.0.40219.1
Project("{FAE04EC0-301F-11D3-BF4B-00C04F79EFBC}") = "OrderServer", "OrderServer\OrderServer.csproj", "{E473D6AA-451A-4095-8C11-B7F651CB7752}"
EndProject
Project("{FAE04EC0-301F-11D3-BF4B-00C04F79EFBC}") = "OrderFiler", "OrderFiler\OrderFiler.csproj", "{CFBD00FC-920F-4AAC-8384-C19D7325E485}"
EndProject
Global
	GlobalSection(SolutionConfigurationPlatforms) = preSolution
		Debug|Any CPU = Debug|Any CPU
		Release|Any CPU = Release|Any CPU
	EndGlobalSection
	GlobalSection(SolutionProperties) = preSolution
		HideSolutionNode = FALSE
	EndGlobalSection
	GlobalSection(ProjectConfigurationPlatforms) = postSolution
		{E473D6AA-451A-4095-8C11-B7F651CB7752}.Debug|Any CPU.ActiveCfg = Debug|Any CPU
		{E473D6AA-451A-4095-8C11-B7F651CB7752}.Debug|Any CPU.Build.0 = Debug|Any CPU
		{E473D6AA-451A-4095-8C11-B7F651CB7752}.Release|Any CPU.ActiveCfg = Release|Any CPU
		{E473D6AA-451A-4095-8C11-B7F651CB7752}.Release|Any CPU.Build.0 = Release|Any CPU
		{CFBD00FC-920F-4AAC-8384-C19D7325E485}.Debug|Any CPU.ActiveCfg = Debug|Any CPU
		{CFBD00FC-920F-4AAC-8384-C19D7325E485}.Debug|Any CPU.Build.0 = Debug|Any CPU
		{CFBD00FC-920F-4AAC-8384-C19D7325E485}.Release|Any CPU.ActiveCfg = Release|Any CPU
		{CFBD00FC-920F-4AAC-8384-C19D7325E485}.Release|Any CPU.Build.0 = Release|Any CPU
	EndGlobalSection
EndGlobal
