
Microsoft Visual Studio Solution File, Format Version 12.00
# Visual Studio Version 17
VisualStudioVersion = 17.5.002.0
MinimumVisualStudioVersion = 10.0.40219.1
Project("{9A19103F-16F7-4668-BE54-9A1E7A4F7556}") = "OrderFiler", "OrderFiler.csproj", "{1672D985-5C82-49AC-9EC4-8D0CC525EC58}"
EndProject
Global
	GlobalSection(SolutionConfigurationPlatforms) = preSolution
		Debug|Any CPU = Debug|Any CPU
		Release|Any CPU = Release|Any CPU
	EndGlobalSection
	GlobalSection(ProjectConfigurationPlatforms) = postSolution
		{1672D985-5C82-49AC-9EC4-8D0CC525EC58}.Debug|Any CPU.ActiveCfg = Debug|Any CPU
		{1672D985-5C82-49AC-9EC4-8D0CC525EC58}.Debug|Any CPU.Build.0 = Debug|Any CPU
		{1672D985-5C82-49AC-9EC4-8D0CC525EC58}.Release|Any CPU.ActiveCfg = Release|Any CPU
		{1672D985-5C82-49AC-9EC4-8D0CC525EC58}.Release|Any CPU.Build.0 = Release|Any CPU
	EndGlobalSection
	GlobalSection(SolutionProperties) = preSolution
		HideSolutionNode = FALSE
	EndGlobalSection
	GlobalSection(ExtensibilityGlobals) = postSolution
		SolutionGuid = {7E0DA4FE-23A0-4B73-AFDF-425A29FC19AC}
	EndGlobalSection
EndGlobal
